[[package]]
name = "certifi"
version = "2021.10.8"
summary = "Python package for providing Mozilla's CA Bundle."

[[package]]
name = "charset-normalizer"
version = "2.0.12"
requires_python = ">=3.5.0"
summary = "The Real First Universal Charset Detector. Open, modern and actively maintained alternative to Chardet."

[[package]]
name = "cloudscraper"
version = "1.2.48"
summary = "A Python module to bypass Cloudflare's anti-bot page."
dependencies = [
    "pyparsing>=2.4.7",
    "requests-toolbelt>=0.9.1",
    "requests>=2.9.2",
]

[[package]]
name = "funcy"
version = "1.17"
summary = "A fancy and practical functional tools"

[[package]]
name = "idna"
version = "3.3"
requires_python = ">=3.5"
summary = "Internationalized Domain Names in Applications (IDNA)"

[[package]]
name = "pixivpy"
version = "3.7.0"
summary = "Pixiv API for Python (with 6.x AppAPI supported)"
dependencies = [
    "cloudscraper<1.2.50,>=1.0",
    "requests-toolbelt>=0.9.1",
    "requests>=2.0",
]

[[package]]
name = "pyparsing"
version = "3.0.7"
requires_python = ">=3.6"
summary = "Python parsing module"

[[package]]
name = "requests"
version = "2.27.1"
requires_python = ">=2.7, !=3.0.*, !=3.1.*, !=3.2.*, !=3.3.*, !=3.4.*, !=3.5.*"
summary = "Python HTTP for Humans."
dependencies = [
    "certifi>=2017.4.17",
    "charset-normalizer~=2.0.0; python_version >= \"3\"",
    "idna<4,>=2.5; python_version >= \"3\"",
    "urllib3<1.27,>=1.21.1",
]

[[package]]
name = "requests-toolbelt"
version = "0.9.1"
summary = "A utility belt for advanced users of python-requests"
dependencies = [
    "requests<3.0.0,>=2.0.1",
]

[[package]]
name = "urllib3"
version = "1.26.9"
requires_python = ">=2.7, !=3.0.*, !=3.1.*, !=3.2.*, !=3.3.*, !=3.4.*, <4"
summary = "HTTP library with thread-safe connection pooling, file post, and more."

[metadata]
lock_version = "3.1"
content_hash = "sha256:fda073ce288345f4d36d7010b20bcacf37a49015542c6d61af386a440d02bd1d"

[metadata.files]
"certifi 2021.10.8" = [
    {file = "certifi-2021.10.8-py2.py3-none-any.whl", hash = "sha256:d62a0163eb4c2344ac042ab2bdf75399a71a2d8c7d47eac2e2ee91b9d6339569"},
    {file = "certifi-2021.10.8.tar.gz", hash = "sha256:78884e7c1d4b00ce3cea67b44566851c4343c120abd683433ce934a68ea58872"},
]
"charset-normalizer 2.0.12" = [
    {file = "charset_normalizer-2.0.12-py3-none-any.whl", hash = "sha256:6881edbebdb17b39b4eaaa821b438bf6eddffb4468cf344f09f89def34a8b1df"},
    {file = "charset-normalizer-2.0.12.tar.gz", hash = "sha256:2857e29ff0d34db842cd7ca3230549d1a697f96ee6d3fb071cfa6c7393832597"},
]
"cloudscraper 1.2.48" = [
    {file = "cloudscraper-1.2.48-py2.py3-none-any.whl", hash = "sha256:c09bd6c283e6b0918cff12ad829857337431c486409abb1916d50abfed6ef118"},
    {file = "cloudscraper-1.2.48.tar.gz", hash = "sha256:bb6be1c2d12720c9fcde80f1965a2250444821f64a900e5bddf9aef2c1fa5d62"},
]
"funcy 1.17" = [
    {file = "funcy-1.17-py2.py3-none-any.whl", hash = "sha256:ba7af5e58bfc69321aaf860a1547f18d35e145706b95d1b3c966abc4f0b60309"},
    {file = "funcy-1.17.tar.gz", hash = "sha256:40b9b9a88141ae6a174df1a95861f2b82f2fdc17669080788b73a3ed9370e968"},
]
"idna 3.3" = [
    {file = "idna-3.3-py3-none-any.whl", hash = "sha256:84d9dd047ffa80596e0f246e2eab0b391788b0503584e8945f2368256d2735ff"},
    {file = "idna-3.3.tar.gz", hash = "sha256:9d643ff0a55b762d5cdb124b8eaa99c66322e2157b69160bc32796e824360e6d"},
]
"pixivpy 3.7.0" = [
    {file = "PixivPy-3.7.0-py2-none-any.whl", hash = "sha256:e3ed57dd1c8faa14201645d516a7b988a033033fc673dce6eca25d048960647d"},
    {file = "PixivPy-3.7.0-py3-none-any.whl", hash = "sha256:93d5cb51ca8cf769e5155aecdf96df58b5a0f26ca438bbe09478619e73cafb9e"},
    {file = "PixivPy-3.7.0.tar.gz", hash = "sha256:f31833b3d012473ca18f4aac6ab4b9ed77900cac63be7a908df9b25bd8e795b4"},
]
"pyparsing 3.0.7" = [
    {file = "pyparsing-3.0.7-py3-none-any.whl", hash = "sha256:a6c06a88f252e6c322f65faf8f418b16213b51bdfaece0524c1c1bc30c63c484"},
    {file = "pyparsing-3.0.7.tar.gz", hash = "sha256:18ee9022775d270c55187733956460083db60b37d0d0fb357445f3094eed3eea"},
]
"requests 2.27.1" = [
    {file = "requests-2.27.1-py2.py3-none-any.whl", hash = "sha256:f22fa1e554c9ddfd16e6e41ac79759e17be9e492b3587efa038054674760e72d"},
    {file = "requests-2.27.1.tar.gz", hash = "sha256:68d7c56fd5a8999887728ef304a6d12edc7be74f1cfa47714fc8b414525c9a61"},
]
"requests-toolbelt 0.9.1" = [
    {file = "requests_toolbelt-0.9.1-py2.py3-none-any.whl", hash = "sha256:380606e1d10dc85c3bd47bf5a6095f815ec007be7a8b69c878507068df059e6f"},
    {file = "requests-toolbelt-0.9.1.tar.gz", hash = "sha256:968089d4584ad4ad7c171454f0a5c6dac23971e9472521ea3b6d49d610aa6fc0"},
]
"urllib3 1.26.9" = [
    {file = "urllib3-1.26.9-py2.py3-none-any.whl", hash = "sha256:44ece4d53fb1706f667c9bd1c648f5469a2ec925fcf3a776667042d645472c14"},
    {file = "urllib3-1.26.9.tar.gz", hash = "sha256:aabaf16477806a5e1dd19aa41f8c2b7950dd3c746362d7e3223dbe6de6ac448e"},
]
