# This file was autogenerated by Stack.
# You should not edit this file by hand.
# For more information, please see the documentation at:
#   https://docs.haskellstack.org/en/stable/lock_files

packages:
- completed:
    hackage: ueberzug-0.2.0.0@sha256:34740f72c6c511e0346c0c10af4a0143301c50da41d9236fba614ae222572f9f,2413
    pantry-tree:
      size: 371
      sha256: 91749061f57f41997de2face2100b5277cf321f14e9fe3e221b2683936b1703d
  original:
    hackage: ueberzug-0.2.0.0
snapshots:
- completed:
    size: 590102
    url: https://raw.githubusercontent.com/commercialhaskell/stackage-snapshots/master/lts/18/27.yaml
    sha256: 79a786674930a89301b0e908fad2822a48882f3d01486117693c377b8edffdbe
  original:
    url: https://raw.githubusercontent.com/commercialhaskell/stackage-snapshots/master/lts/18/27.yaml
