# This file was autogenerated by Stack.
# You should not edit this file by hand.
# For more information, please see the documentation at:
#   https://docs.haskellstack.org/en/stable/lock_files

packages:
- completed:
    name: ueberzug
    version: 0.1.0.0
    git: https://github.com/akazukin5151/ueberzug-hs.git
    pantry-tree:
      size: 642
      sha256: 6de7b35eb44287dd52e295aa2d361aeee374e3440c6f9f3cb6da885d10a495b5
    commit: 57ba4bcce3f2671d8c30cfe882aa4d6efb97a27a
  original:
    git: https://github.com/akazukin5151/ueberzug-hs.git
    commit: 57ba4bcce3f2671d8c30cfe882aa4d6efb97a27a
snapshots:
- completed:
    size: 590102
    url: https://raw.githubusercontent.com/commercialhaskell/stackage-snapshots/master/lts/18/27.yaml
    sha256: 79a786674930a89301b0e908fad2822a48882f3d01486117693c377b8edffdbe
  original:
    url: https://raw.githubusercontent.com/commercialhaskell/stackage-snapshots/master/lts/18/27.yaml
